PODS:
  - Alamofire (4.3.0)
  - Realm (2.4.2):
    - Realm/Headers (= 2.4.2)
  - Realm/Headers (2.4.2)
  - RealmSwift (2.4.2):
    - Realm (= 2.4.2)
  - SDWebImage (4.0.0):
    - SDWebImage/Core (= 4.0.0)
  - SDWebImage/Core (4.0.0)
  - SwiftyJSON (3.1.4)

DEPENDENCIES:
  - Alamofire
  - RealmSwift
  - SDWebImage
  - SwiftyJSON

SPEC CHECKSUMS:
  Alamofire: 856a113053a7bc9cbe5d6367a555d773fc5cfef7
  Realm: d27b758e12d62a3371879a065d4c40aa212c5a54
  RealmSwift: 9556c0fe0f0cfecacfb755ae9e68ff379fc6bead
  SDWebImage: 76a6348bdc74eb5a55dd08a091ef298e56b55e41
  SwiftyJSON: c2842d878f95482ffceec5709abc3d05680c0220

PODFILE CHECKSUM: d5409fbbe943ca224593464c8e84955ef7f191b3

COCOAPODS: 1.2.0.rc.1
